// !$*UTF8*$!
{
	archiveVersion = 1;
	classes = {
	};
	objectVersion = 56;
	objects = {

/* Begin PBXBuildFile section */
		137CC0A429D1F59E00F949C9 /* MetalKit.framework in Frameworks */ = {isa = PBXBuildFile; fileRef = 137CC0A329D1F59E00F949C9 /* MetalKit.framework */; };
		138F4C792A33781D00E2BFB0 /* vibes.json in Resources */ = {isa = PBXBuildFile; fileRef = 138F4C772A33781D00E2BFB0 /* vibes.json */; };
		138F4C7A2A33781D00E2BFB0 /* poker.json in Resources */ = {isa = PBXBuildFile; fileRef = 138F4C782A33781D00E2BFB0 /* poker.json */; };
		13989CA92A2DE4FC0038D65F /* libskia.a in Frameworks */ = {isa = PBXBuildFile; fileRef = 13E2223B29FA982E00F3E170 /* libskia.a */; };
		13989CAA2A2DE4FC0038D65F /* libskottie.a in Frameworks */ = {isa = PBXBuildFile; fileRef = 13E2223F29FA982E00F3E170 /* libskottie.a */; };
		13989CAB2A2DE4FC0038D65F /* libsksg.a in Frameworks */ = {isa = PBXBuildFile; fileRef = 13E2223E29FA982E00F3E170 /* libsksg.a */; };
		13989CAC2A2DE4FC0038D65F /* libskshaper.a in Frameworks */ = {isa = PBXBuildFile; fileRef = 13E2224229FA982E00F3E170 /* libskshaper.a */; };
		13989CAD2A2DE4FC0038D65F /* libsvg.a in Frameworks */ = {isa = PBXBuildFile; fileRef = 13E16B862A1B613A007879AF /* libsvg.a */; };
		13989CAF2A2DE63E0038D65F /* drinks.json in Resources */ = {isa = PBXBuildFile; fileRef = 13989CAE2A2DE63E0038D65F /* drinks.json */; };
		13C9EEB629D1F20300F7FD72 /* SceneDelegate.m in Sources */ = {isa = PBXBuildFile; fileRef = 13C9EEB529D1F20300F7FD72 /* SceneDelegate.m */; };
		13C9EEBE29D1F20400F7FD72 /* Assets.xcassets in Resources */ = {isa = PBXBuildFile; fileRef = 13C9EEBD29D1F20400F7FD72 /* Assets.xcassets */; };
		13C9EED929D1F26500F7FD72 /* SkMetalViewBridge.mm in Sources */ = {isa = PBXBuildFile; fileRef = 13C9EECA29D1F26300F7FD72 /* SkMetalViewBridge.mm */; };
		13C9EEDD29D1F26500F7FD72 /* GrContextHolder.mm in Sources */ = {isa = PBXBuildFile; fileRef = 13C9EED129D1F26400F7FD72 /* GrContextHolder.mm */; };
		13C9EEDE29D1F26500F7FD72 /* SkiaViewController.mm in Sources */ = {isa = PBXBuildFile; fileRef = 13C9EED229D1F26400F7FD72 /* SkiaViewController.mm */; };
		13C9EEDF29D1F26500F7FD72 /* main.mm in Sources */ = {isa = PBXBuildFile; fileRef = 13C9EED329D1F26500F7FD72 /* main.mm */; };
		13C9EEE029D1F26500F7FD72 /* SkiaContext.mm in Sources */ = {isa = PBXBuildFile; fileRef = 13C9EED529D1F26500F7FD72 /* SkiaContext.mm */; };
		13C9EEE129D1F26500F7FD72 /* SkottieViewController.mm in Sources */ = {isa = PBXBuildFile; fileRef = 13C9EED729D1F26500F7FD72 /* SkottieViewController.mm */; };
		13C9EEE229D1F26500F7FD72 /* SkiaMetalContext.mm in Sources */ = {isa = PBXBuildFile; fileRef = 13C9EED829D1F26500F7FD72 /* SkiaMetalContext.mm */; };
		13E2C29C29FBD70B007CB20A /* Foundation.framework in Frameworks */ = {isa = PBXBuildFile; fileRef = 13E2C29B29FBD70B007CB20A /* Foundation.framework */; };
		13E2C29E29FBD715007CB20A /* CoreFoundation.framework in Frameworks */ = {isa = PBXBuildFile; fileRef = 13E2C29D29FBD715007CB20A /* CoreFoundation.framework */; };
		13E2C2A029FBD75D007CB20A /* CoreText.framework in Frameworks */ = {isa = PBXBuildFile; fileRef = 13E2C29F29FBD75D007CB20A /* CoreText.framework */; };
		13E2C2A229FBD76C007CB20A /* CoreGraphics.framework in Frameworks */ = {isa = PBXBuildFile; fileRef = 13E2C2A129FBD76C007CB20A /* CoreGraphics.framework */; };
		13E2C2A429FBD771007CB20A /* CoreServices.framework in Frameworks */ = {isa = PBXBuildFile; fileRef = 13E2C2A329FBD771007CB20A /* CoreServices.framework */; };
		13E2C2A629FBD7B5007CB20A /* simple-lottie-loader.json in Resources */ = {isa = PBXBuildFile; fileRef = 13E2C2A529FBD7B5007CB20A /* simple-lottie-loader.json */; };
		13E8C7102A0D37E1000CBD24 /* QuartzCore.framework in Frameworks */ = {isa = PBXBuildFile; fileRef = 13E8C70F2A0D37E1000CBD24 /* QuartzCore.framework */; };
		13E8C7122A0D37F3000CBD24 /* IOSurface.framework in Frameworks */ = {isa = PBXBuildFile; fileRef = 13E8C7112A0D37F3000CBD24 /* IOSurface.framework */; };
		13E8C7142A0D389E000CBD24 /* UIKit.framework in Frameworks */ = {isa = PBXBuildFile; fileRef = 13E8C7132A0D389E000CBD24 /* UIKit.framework */; };
		13E8C7162A0D3929000CBD24 /* ImageIO.framework in Frameworks */ = {isa = PBXBuildFile; fileRef = 13E8C7152A0D3929000CBD24 /* ImageIO.framework */; };
		13E8C7182A0D392F000CBD24 /* MobileCoreServices.framework in Frameworks */ = {isa = PBXBuildFile; fileRef = 13E8C7172A0D392F000CBD24 /* MobileCoreServices.framework */; };
/* End PBXBuildFile section */

/* Begin PBXFileReference section */
		137CC0A329D1F59E00F949C9 /* MetalKit.framework */ = {isa = PBXFileReference; lastKnownFileType = wrapper.framework; name = MetalKit.framework; path = System/Library/Frameworks/MetalKit.framework; sourceTree = SDKROOT; };
		138F4C772A33781D00E2BFB0 /* vibes.json */ = {isa = PBXFileReference; fileEncoding = 4; lastKnownFileType = text.json; path = vibes.json; sourceTree = "<group>"; };
		138F4C782A33781D00E2BFB0 /* poker.json */ = {isa = PBXFileReference; fileEncoding = 4; lastKnownFileType = text.json; path = poker.json; sourceTree = "<group>"; };
		13989CAE2A2DE63E0038D65F /* drinks.json */ = {isa = PBXFileReference; fileEncoding = 4; lastKnownFileType = text.json; path = drinks.json; sourceTree = "<group>"; };
		13C9EEAE29D1F20300F7FD72 /* skottie-ios.app */ = {isa = PBXFileReference; explicitFileType = wrapper.application; includeInIndex = 0; path = "skottie-ios.app"; sourceTree = BUILT_PRODUCTS_DIR; };
		13C9EEB429D1F20300F7FD72 /* SceneDelegate.h */ = {isa = PBXFileReference; lastKnownFileType = sourcecode.c.h; path = SceneDelegate.h; sourceTree = "<group>"; };
		13C9EEB529D1F20300F7FD72 /* SceneDelegate.m */ = {isa = PBXFileReference; lastKnownFileType = sourcecode.c.objc; path = SceneDelegate.m; sourceTree = "<group>"; };
		13C9EEBD29D1F20400F7FD72 /* Assets.xcassets */ = {isa = PBXFileReference; lastKnownFileType = folder.assetcatalog; path = Assets.xcassets; sourceTree = "<group>"; };
		13C9EEC229D1F20400F7FD72 /* Info.plist */ = {isa = PBXFileReference; lastKnownFileType = text.plist.xml; path = Info.plist; sourceTree = "<group>"; };
		13C9EECA29D1F26300F7FD72 /* SkMetalViewBridge.mm */ = {isa = PBXFileReference; fileEncoding = 4; lastKnownFileType = sourcecode.cpp.objcpp; path = SkMetalViewBridge.mm; sourceTree = "<group>"; };
		13C9EECC29D1F26300F7FD72 /* SkMetalViewBridge.h */ = {isa = PBXFileReference; fileEncoding = 4; lastKnownFileType = sourcecode.c.h; path = SkMetalViewBridge.h; sourceTree = "<group>"; };
		13C9EECD29D1F26400F7FD72 /* SkiaViewController.h */ = {isa = PBXFileReference; fileEncoding = 4; lastKnownFileType = sourcecode.c.h; path = SkiaViewController.h; sourceTree = "<group>"; };
		13C9EECF29D1F26400F7FD72 /* SkottieViewController.h */ = {isa = PBXFileReference; fileEncoding = 4; lastKnownFileType = sourcecode.c.h; path = SkottieViewController.h; sourceTree = "<group>"; };
		13C9EED129D1F26400F7FD72 /* GrContextHolder.mm */ = {isa = PBXFileReference; fileEncoding = 4; lastKnownFileType = sourcecode.cpp.objcpp; path = GrContextHolder.mm; sourceTree = "<group>"; };
		13C9EED229D1F26400F7FD72 /* SkiaViewController.mm */ = {isa = PBXFileReference; fileEncoding = 4; lastKnownFileType = sourcecode.cpp.objcpp; path = SkiaViewController.mm; sourceTree = "<group>"; };
		13C9EED329D1F26500F7FD72 /* main.mm */ = {isa = PBXFileReference; fileEncoding = 4; lastKnownFileType = sourcecode.cpp.objcpp; path = main.mm; sourceTree = "<group>"; };
		13C9EED429D1F26500F7FD72 /* GrContextHolder.h */ = {isa = PBXFileReference; fileEncoding = 4; lastKnownFileType = sourcecode.c.h; path = GrContextHolder.h; sourceTree = "<group>"; };
		13C9EED529D1F26500F7FD72 /* SkiaContext.mm */ = {isa = PBXFileReference; fileEncoding = 4; lastKnownFileType = sourcecode.cpp.objcpp; path = SkiaContext.mm; sourceTree = "<group>"; };
		13C9EED629D1F26500F7FD72 /* SkiaContext.h */ = {isa = PBXFileReference; fileEncoding = 4; lastKnownFileType = sourcecode.c.h; path = SkiaContext.h; sourceTree = "<group>"; };
		13C9EED729D1F26500F7FD72 /* SkottieViewController.mm */ = {isa = PBXFileReference; explicitFileType = sourcecode.cpp.objcpp.preprocessed; fileEncoding = 4; path = SkottieViewController.mm; sourceTree = "<group>"; };
		13C9EED829D1F26500F7FD72 /* SkiaMetalContext.mm */ = {isa = PBXFileReference; fileEncoding = 4; lastKnownFileType = sourcecode.cpp.objcpp; path = SkiaMetalContext.mm; sourceTree = "<group>"; };
		13E16B842A1B613A007879AF /* libpathkit.a */ = {isa = PBXFileReference; lastKnownFileType = archive.ar; name = libpathkit.a; path = "skia-libs/libs/libpathkit.a"; sourceTree = "<group>"; };
		13E16B852A1B613A007879AF /* libcompression_utils_portable.a */ = {isa = PBXFileReference; lastKnownFileType = archive.ar; name = libcompression_utils_portable.a; path = "skia-libs/libs/libcompression_utils_portable.a"; sourceTree = "<group>"; };
		13E16B862A1B613A007879AF /* libsvg.a */ = {isa = PBXFileReference; lastKnownFileType = archive.ar; name = libsvg.a; path = "skia-libs/libs/libsvg.a"; sourceTree = "<group>"; };
		13E16B902A1CE712007879AF /* libspvtools_link.a */ = {isa = PBXFileReference; lastKnownFileType = archive.ar; name = libspvtools_link.a; path = "skia-libs/libs/libspvtools_link.a"; sourceTree = "<group>"; };
		13E16B912A1CE712007879AF /* libspvtools_opt.a */ = {isa = PBXFileReference; lastKnownFileType = archive.ar; name = libspvtools_opt.a; path = "skia-libs/libs/libspvtools_opt.a"; sourceTree = "<group>"; };
		13E16B922A1CE712007879AF /* libspvtools_reduce.a */ = {isa = PBXFileReference; lastKnownFileType = archive.ar; name = libspvtools_reduce.a; path = "skia-libs/libs/libspvtools_reduce.a"; sourceTree = "<group>"; };
		13E2223A29FA982E00F3E170 /* libskunicode.a */ = {isa = PBXFileReference; lastKnownFileType = archive.ar; name = libskunicode.a; path = "skia-libs/libs/libskunicode.a"; sourceTree = "<group>"; };
		13E2223B29FA982E00F3E170 /* libskia.a */ = {isa = PBXFileReference; lastKnownFileType = archive.ar; name = libskia.a; path = "skia-libs/libs/libskia.a"; sourceTree = "<group>"; };
		13E2223C29FA982E00F3E170 /* libwebp.a */ = {isa = PBXFileReference; lastKnownFileType = archive.ar; name = libwebp.a; path = "skia-libs/libs/libwebp.a"; sourceTree = "<group>"; };
		13E2223D29FA982E00F3E170 /* libjpeg.a */ = {isa = PBXFileReference; lastKnownFileType = archive.ar; name = libjpeg.a; path = "skia-libs/libs/libjpeg.a"; sourceTree = "<group>"; };
		13E2223E29FA982E00F3E170 /* libsksg.a */ = {isa = PBXFileReference; lastKnownFileType = archive.ar; name = libsksg.a; path = "skia-libs/libs/libsksg.a"; sourceTree = "<group>"; };
		13E2223F29FA982E00F3E170 /* libskottie.a */ = {isa = PBXFileReference; lastKnownFileType = archive.ar; name = libskottie.a; path = "skia-libs/libs/libskottie.a"; sourceTree = "<group>"; };
		13E2224029FA982E00F3E170 /* libpng.a */ = {isa = PBXFileReference; lastKnownFileType = archive.ar; name = libpng.a; path = "skia-libs/libs/libpng.a"; sourceTree = "<group>"; };
		13E2224129FA982E00F3E170 /* libicu.a */ = {isa = PBXFileReference; lastKnownFileType = archive.ar; name = libicu.a; path = "skia-libs/libs/libicu.a"; sourceTree = "<group>"; };
		13E2224229FA982E00F3E170 /* libskshaper.a */ = {isa = PBXFileReference; lastKnownFileType = archive.ar; name = libskshaper.a; path = "skia-libs/libs/libskshaper.a"; sourceTree = "<group>"; };
		13E2C29B29FBD70B007CB20A /* Foundation.framework */ = {isa = PBXFileReference; lastKnownFileType = wrapper.framework; name = Foundation.framework; path = System/Library/Frameworks/Foundation.framework; sourceTree = SDKROOT; };
		13E2C29D29FBD715007CB20A /* CoreFoundation.framework */ = {isa = PBXFileReference; lastKnownFileType = wrapper.framework; name = CoreFoundation.framework; path = System/Library/Frameworks/CoreFoundation.framework; sourceTree = SDKROOT; };
		13E2C29F29FBD75D007CB20A /* CoreText.framework */ = {isa = PBXFileReference; lastKnownFileType = wrapper.framework; name = CoreText.framework; path = System/Library/Frameworks/CoreText.framework; sourceTree = SDKROOT; };
		13E2C2A129FBD76C007CB20A /* CoreGraphics.framework */ = {isa = PBXFileReference; lastKnownFileType = wrapper.framework; name = CoreGraphics.framework; path = System/Library/Frameworks/CoreGraphics.framework; sourceTree = SDKROOT; };
		13E2C2A329FBD771007CB20A /* CoreServices.framework */ = {isa = PBXFileReference; lastKnownFileType = wrapper.framework; name = CoreServices.framework; path = System/Library/Frameworks/CoreServices.framework; sourceTree = SDKROOT; };
		13E2C2A529FBD7B5007CB20A /* simple-lottie-loader.json */ = {isa = PBXFileReference; fileEncoding = 4; lastKnownFileType = text.json; path = "simple-lottie-loader.json"; sourceTree = "<group>"; };
		13E2C2B029FC07C0007CB20A /* libdng_sdk.a */ = {isa = PBXFileReference; lastKnownFileType = archive.ar; name = libdng_sdk.a; path = "skia-libs/libs/libdng_sdk.a"; sourceTree = "<group>"; };
		13E2C2B129FC07C0007CB20A /* libskresources.a */ = {isa = PBXFileReference; lastKnownFileType = archive.ar; name = libskresources.a; path = "skia-libs/libs/libskresources.a"; sourceTree = "<group>"; };
		13E2C2B229FC07C0007CB20A /* libwebp_sse41.a */ = {isa = PBXFileReference; lastKnownFileType = archive.ar; name = libwebp_sse41.a; path = "skia-libs/libs/libwebp_sse41.a"; sourceTree = "<group>"; };
		13E2C2B329FC07C0007CB20A /* libwuffs.a */ = {isa = PBXFileReference; lastKnownFileType = archive.ar; name = libwuffs.a; path = "skia-libs/libs/libwuffs.a"; sourceTree = "<group>"; };
		13E2C2B429FC07C0007CB20A /* libharfbuzz.a */ = {isa = PBXFileReference; lastKnownFileType = archive.ar; name = libharfbuzz.a; path = "skia-libs/libs/libharfbuzz.a"; sourceTree = "<group>"; };
		13E2C2B529FC07C0007CB20A /* libexpat.a */ = {isa = PBXFileReference; lastKnownFileType = archive.ar; name = libexpat.a; path = "skia-libs/libs/libexpat.a"; sourceTree = "<group>"; };
		13E2C2B629FC07C0007CB20A /* libzlib.a */ = {isa = PBXFileReference; lastKnownFileType = archive.ar; name = libzlib.a; path = "skia-libs/libs/libzlib.a"; sourceTree = "<group>"; };
		13E2C2B729FC07C0007CB20A /* libskcms.a */ = {isa = PBXFileReference; lastKnownFileType = archive.ar; name = libskcms.a; path = "skia-libs/libs/libskcms.a"; sourceTree = "<group>"; };
		13E2C2B829FC07C1007CB20A /* libpiex.a */ = {isa = PBXFileReference; lastKnownFileType = archive.ar; name = libpiex.a; path = "skia-libs/libs/libpiex.a"; sourceTree = "<group>"; };
		13E2C2B929FC07C1007CB20A /* libspvtools.a */ = {isa = PBXFileReference; lastKnownFileType = archive.ar; name = libspvtools.a; path = "skia-libs/libs/libspvtools.a"; sourceTree = "<group>"; };
		13E2C2BA29FC07C1007CB20A /* libspvtools_val.a */ = {isa = PBXFileReference; lastKnownFileType = archive.ar; name = libspvtools_val.a; path = "skia-libs/libs/libspvtools_val.a"; sourceTree = "<group>"; };
		13E8C70F2A0D37E1000CBD24 /* QuartzCore.framework */ = {isa = PBXFileReference; lastKnownFileType = wrapper.framework; name = QuartzCore.framework; path = System/Library/Frameworks/QuartzCore.framework; sourceTree = SDKROOT; };
		13E8C7112A0D37F3000CBD24 /* IOSurface.framework */ = {isa = PBXFileReference; lastKnownFileType = wrapper.framework; name = IOSurface.framework; path = System/Library/Frameworks/IOSurface.framework; sourceTree = SDKROOT; };
		13E8C7132A0D389E000CBD24 /* UIKit.framework */ = {isa = PBXFileReference; lastKnownFileType = wrapper.framework; name = UIKit.framework; path = System/Library/Frameworks/UIKit.framework; sourceTree = SDKROOT; };
		13E8C7152A0D3929000CBD24 /* ImageIO.framework */ = {isa = PBXFileReference; lastKnownFileType = wrapper.framework; name = ImageIO.framework; path = System/Library/Frameworks/ImageIO.framework; sourceTree = SDKROOT; };
		13E8C7172A0D392F000CBD24 /* MobileCoreServices.framework */ = {isa = PBXFileReference; lastKnownFileType = wrapper.framework; name = MobileCoreServices.framework; path = System/Library/Frameworks/MobileCoreServices.framework; sourceTree = SDKROOT; };
/* End PBXFileReference section */

/* Begin PBXFrameworksBuildPhase section */
		13C9EEAB29D1F20300F7FD72 /* Frameworks */ = {
			isa = PBXFrameworksBuildPhase;
			buildActionMask = 2147483647;
			files = (
				13989CA92A2DE4FC0038D65F /* libskia.a in Frameworks */,
				13989CAA2A2DE4FC0038D65F /* libskottie.a in Frameworks */,
				13989CAB2A2DE4FC0038D65F /* libsksg.a in Frameworks */,
				13989CAC2A2DE4FC0038D65F /* libskshaper.a in Frameworks */,
				13989CAD2A2DE4FC0038D65F /* libsvg.a in Frameworks */,
				13E8C7182A0D392F000CBD24 /* MobileCoreServices.framework in Frameworks */,
				13E8C7162A0D3929000CBD24 /* ImageIO.framework in Frameworks */,
				13E8C7142A0D389E000CBD24 /* UIKit.framework in Frameworks */,
				13E8C7122A0D37F3000CBD24 /* IOSurface.framework in Frameworks */,
				13E8C7102A0D37E1000CBD24 /* QuartzCore.framework in Frameworks */,
				13E2C2A429FBD771007CB20A /* CoreServices.framework in Frameworks */,
				13E2C2A229FBD76C007CB20A /* CoreGraphics.framework in Frameworks */,
				13E2C2A029FBD75D007CB20A /* CoreText.framework in Frameworks */,
				13E2C29E29FBD715007CB20A /* CoreFoundation.framework in Frameworks */,
				13E2C29C29FBD70B007CB20A /* Foundation.framework in Frameworks */,
				137CC0A429D1F59E00F949C9 /* MetalKit.framework in Frameworks */,
			);
			runOnlyForDeploymentPostprocessing = 0;
		};
/* End PBXFrameworksBuildPhase section */

/* Begin PBXGroup section */
		13C9EEA529D1F20300F7FD72 = {
			isa = PBXGroup;
			children = (
				13C9EEB029D1F20300F7FD72 /* skottie-ios */,
				13C9EEAF29D1F20300F7FD72 /* Products */,
				13C9EEE329D1F3BE00F7FD72 /* Frameworks */,
			);
			sourceTree = "<group>";
		};
		13C9EEAF29D1F20300F7FD72 /* Products */ = {
			isa = PBXGroup;
			children = (
				13C9EEAE29D1F20300F7FD72 /* skottie-ios.app */,
			);
			name = Products;
			sourceTree = "<group>";
		};
		13C9EEB029D1F20300F7FD72 /* skottie-ios */ = {
			isa = PBXGroup;
			children = (
				138F4C782A33781D00E2BFB0 /* poker.json */,
				138F4C772A33781D00E2BFB0 /* vibes.json */,
				13C9EEB429D1F20300F7FD72 /* SceneDelegate.h */,
				13C9EEB529D1F20300F7FD72 /* SceneDelegate.m */,
				13E2C2A529FBD7B5007CB20A /* simple-lottie-loader.json */,
				13C9EEBD29D1F20400F7FD72 /* Assets.xcassets */,
				13989CAE2A2DE63E0038D65F /* drinks.json */,
				13C9EEC229D1F20400F7FD72 /* Info.plist */,
				13C9EED429D1F26500F7FD72 /* GrContextHolder.h */,
				13C9EED129D1F26400F7FD72 /* GrContextHolder.mm */,
				13C9EED329D1F26500F7FD72 /* main.mm */,
				13C9EED629D1F26500F7FD72 /* SkiaContext.h */,
				13C9EED529D1F26500F7FD72 /* SkiaContext.mm */,
				13C9EED829D1F26500F7FD72 /* SkiaMetalContext.mm */,
				13C9EECD29D1F26400F7FD72 /* SkiaViewController.h */,
				13C9EED229D1F26400F7FD72 /* SkiaViewController.mm */,
				13C9EECC29D1F26300F7FD72 /* SkMetalViewBridge.h */,
				13C9EECA29D1F26300F7FD72 /* SkMetalViewBridge.mm */,
				13C9EECF29D1F26400F7FD72 /* SkottieViewController.h */,
				13C9EED729D1F26500F7FD72 /* SkottieViewController.mm */,
			);
			path = "skottie-ios";
			sourceTree = "<group>";
		};
		13C9EEE329D1F3BE00F7FD72 /* Frameworks */ = {
			isa = PBXGroup;
			children = (
				13E16B902A1CE712007879AF /* libspvtools_link.a */,
				13E16B912A1CE712007879AF /* libspvtools_opt.a */,
				13E16B922A1CE712007879AF /* libspvtools_reduce.a */,
				13E16B852A1B613A007879AF /* libcompression_utils_portable.a */,
				13E16B842A1B613A007879AF /* libpathkit.a */,
				13E16B862A1B613A007879AF /* libsvg.a */,
				13E8C7172A0D392F000CBD24 /* MobileCoreServices.framework */,
				13E8C7152A0D3929000CBD24 /* ImageIO.framework */,
				13E8C7132A0D389E000CBD24 /* UIKit.framework */,
				13E8C7112A0D37F3000CBD24 /* IOSurface.framework */,
				13E8C70F2A0D37E1000CBD24 /* QuartzCore.framework */,
				13E2C2B029FC07C0007CB20A /* libdng_sdk.a */,
				13E2C2B529FC07C0007CB20A /* libexpat.a */,
				13E2C2B429FC07C0007CB20A /* libharfbuzz.a */,
				13E2C2B829FC07C1007CB20A /* libpiex.a */,
				13E2C2B729FC07C0007CB20A /* libskcms.a */,
				13E2C2B129FC07C0007CB20A /* libskresources.a */,
				13E2C2BA29FC07C1007CB20A /* libspvtools_val.a */,
				13E2C2B929FC07C1007CB20A /* libspvtools.a */,
				13E2C2B229FC07C0007CB20A /* libwebp_sse41.a */,
				13E2C2B329FC07C0007CB20A /* libwuffs.a */,
				13E2C2B629FC07C0007CB20A /* libzlib.a */,
				13E2C2A329FBD771007CB20A /* CoreServices.framework */,
				13E2C2A129FBD76C007CB20A /* CoreGraphics.framework */,
				13E2C29F29FBD75D007CB20A /* CoreText.framework */,
				13E2C29D29FBD715007CB20A /* CoreFoundation.framework */,
				13E2C29B29FBD70B007CB20A /* Foundation.framework */,
				13E2224129FA982E00F3E170 /* libicu.a */,
				13E2223D29FA982E00F3E170 /* libjpeg.a */,
				13E2224029FA982E00F3E170 /* libpng.a */,
				13E2223B29FA982E00F3E170 /* libskia.a */,
				13E2223F29FA982E00F3E170 /* libskottie.a */,
				13E2223E29FA982E00F3E170 /* libsksg.a */,
				13E2224229FA982E00F3E170 /* libskshaper.a */,
				13E2223A29FA982E00F3E170 /* libskunicode.a */,
				13E2223C29FA982E00F3E170 /* libwebp.a */,
				137CC0A329D1F59E00F949C9 /* MetalKit.framework */,
			);
			name = Frameworks;
			sourceTree = "<group>";
		};
/* End PBXGroup section */

/* Begin PBXNativeTarget section */
		13C9EEAD29D1F20300F7FD72 /* skottie-ios */ = {
			isa = PBXNativeTarget;
			buildConfigurationList = 13C9EEC729D1F20400F7FD72 /* Build configuration list for PBXNativeTarget "skottie-ios" */;
			buildPhases = (
				13C9EEAA29D1F20300F7FD72 /* Sources */,
				13C9EEAB29D1F20300F7FD72 /* Frameworks */,
				13C9EEAC29D1F20300F7FD72 /* Resources */,
			);
			buildRules = (
			);
			dependencies = (
			);
			name = "skottie-ios";
			productName = "skottie-ios";
			productReference = 13C9EEAE29D1F20300F7FD72 /* skottie-ios.app */;
			productType = "com.apple.product-type.application";
		};
/* End PBXNativeTarget section */

/* Begin PBXProject section */
		13C9EEA629D1F20300F7FD72 /* Project object */ = {
			isa = PBXProject;
			attributes = {
				BuildIndependentTargetsInParallel = 1;
				LastUpgradeCheck = 1420;
				TargetAttributes = {
					13C9EEAD29D1F20300F7FD72 = {
						CreatedOnToolsVersion = 14.2;
					};
				};
			};
			buildConfigurationList = 13C9EEA929D1F20300F7FD72 /* Build configuration list for PBXProject "skottie-ios" */;
			compatibilityVersion = "Xcode 14.0";
			developmentRegion = en;
			hasScannedForEncodings = 0;
			knownRegions = (
				en,
				Base,
			);
			mainGroup = 13C9EEA529D1F20300F7FD72;
			productRefGroup = 13C9EEAF29D1F20300F7FD72 /* Products */;
			projectDirPath = "";
			projectRoot = "";
			targets = (
				13C9EEAD29D1F20300F7FD72 /* skottie-ios */,
			);
		};
/* End PBXProject section */

/* Begin PBXResourcesBuildPhase section */
		13C9EEAC29D1F20300F7FD72 /* Resources */ = {
			isa = PBXResourcesBuildPhase;
			buildActionMask = 2147483647;
			files = (
				13989CAF2A2DE63E0038D65F /* drinks.json in Resources */,
				138F4C7A2A33781D00E2BFB0 /* poker.json in Resources */,
				13C9EEBE29D1F20400F7FD72 /* Assets.xcassets in Resources */,
				13E2C2A629FBD7B5007CB20A /* simple-lottie-loader.json in Resources */,
				138F4C792A33781D00E2BFB0 /* vibes.json in Resources */,
			);
			runOnlyForDeploymentPostprocessing = 0;
		};
/* End PBXResourcesBuildPhase section */

/* Begin PBXSourcesBuildPhase section */
		13C9EEAA29D1F20300F7FD72 /* Sources */ = {
			isa = PBXSourcesBuildPhase;
			buildActionMask = 2147483647;
			files = (
				13C9EEE029D1F26500F7FD72 /* SkiaContext.mm in Sources */,
				13C9EEE129D1F26500F7FD72 /* SkottieViewController.mm in Sources */,
				13C9EEE229D1F26500F7FD72 /* SkiaMetalContext.mm in Sources */,
				13C9EED929D1F26500F7FD72 /* SkMetalViewBridge.mm in Sources */,
				13C9EEDF29D1F26500F7FD72 /* main.mm in Sources */,
				13C9EEDE29D1F26500F7FD72 /* SkiaViewController.mm in Sources */,
				13C9EEB629D1F20300F7FD72 /* SceneDelegate.m in Sources */,
				13C9EEDD29D1F26500F7FD72 /* GrContextHolder.mm in Sources */,
			);
			runOnlyForDeploymentPostprocessing = 0;
		};
/* End PBXSourcesBuildPhase section */

/* Begin XCBuildConfiguration section */
		13C9EEC529D1F20400F7FD72 /* Debug */ = {
			isa = XCBuildConfiguration;
			buildSettings = {
				ALWAYS_SEARCH_USER_PATHS = NO;
				CLANG_ANALYZER_NONNULL = YES;
				CLANG_ANALYZER_NUMBER_OBJECT_CONVERSION = YES_AGGRESSIVE;
				CLANG_CXX_LANGUAGE_STANDARD = "c++17";
				CLANG_ENABLE_MODULES = YES;
				CLANG_ENABLE_OBJC_ARC = YES;
				CLANG_ENABLE_OBJC_WEAK = NO;
				CLANG_WARN_BLOCK_CAPTURE_AUTORELEASING = YES;
				CLANG_WARN_BOOL_CONVERSION = YES;
				CLANG_WARN_COMMA = YES;
				CLANG_WARN_CONSTANT_CONVERSION = YES;
				CLANG_WARN_DEPRECATED_OBJC_IMPLEMENTATIONS = YES;
				CLANG_WARN_DIRECT_OBJC_ISA_USAGE = YES_ERROR;
				CLANG_WARN_DOCUMENTATION_COMMENTS = YES;
				CLANG_WARN_EMPTY_BODY = YES;
				CLANG_WARN_ENUM_CONVERSION = YES;
				CLANG_WARN_INFINITE_RECURSION = YES;
				CLANG_WARN_INT_CONVERSION = YES;
				CLANG_WARN_NON_LITERAL_NULL_CONVERSION = YES;
				CLANG_WARN_OBJC_IMPLICIT_RETAIN_SELF = YES;
				CLANG_WARN_OBJC_LITERAL_CONVERSION = YES;
				CLANG_WARN_OBJC_ROOT_CLASS = YES_ERROR;
				CLANG_WARN_QUOTED_INCLUDE_IN_FRAMEWORK_HEADER = YES;
				CLANG_WARN_RANGE_LOOP_ANALYSIS = YES;
				CLANG_WARN_STRICT_PROTOTYPES = YES;
				CLANG_WARN_SUSPICIOUS_MOVE = YES;
				CLANG_WARN_UNGUARDED_AVAILABILITY = YES_AGGRESSIVE;
				CLANG_WARN_UNREACHABLE_CODE = YES;
				CLANG_WARN__DUPLICATE_METHOD_MATCH = YES;
				COPY_PHASE_STRIP = NO;
				DEBUG_INFORMATION_FORMAT = dwarf;
				ENABLE_STRICT_OBJC_MSGSEND = YES;
				ENABLE_TESTABILITY = YES;
				GCC_C_LANGUAGE_STANDARD = gnu99;
				GCC_DYNAMIC_NO_PIC = NO;
				GCC_NO_COMMON_BLOCKS = YES;
				GCC_OPTIMIZATION_LEVEL = 0;
				GCC_PREPROCESSOR_DEFINITIONS = (
					"DEBUG=1",
					"$(inherited)",
				);
				GCC_WARN_64_TO_32_BIT_CONVERSION = YES;
				GCC_WARN_ABOUT_RETURN_TYPE = YES_ERROR;
				GCC_WARN_UNDECLARED_SELECTOR = YES;
				GCC_WARN_UNINITIALIZED_AUTOS = YES_AGGRESSIVE;
				GCC_WARN_UNUSED_FUNCTION = YES;
				GCC_WARN_UNUSED_VARIABLE = YES;
				IPHONEOS_DEPLOYMENT_TARGET = 15.0;
				MTL_ENABLE_DEBUG_INFO = INCLUDE_SOURCE;
				MTL_FAST_MATH = YES;
				ONLY_ACTIVE_ARCH = YES;
				SDKROOT = iphoneos;
			};
			name = Debug;
		};
		13C9EEC629D1F20400F7FD72 /* Release */ = {
			isa = XCBuildConfiguration;
			buildSettings = {
				ALWAYS_SEARCH_USER_PATHS = NO;
				CLANG_ANALYZER_NONNULL = YES;
				CLANG_ANALYZER_NUMBER_OBJECT_CONVERSION = YES_AGGRESSIVE;
				CLANG_CXX_LANGUAGE_STANDARD = "c++17";
				CLANG_ENABLE_MODULES = YES;
				CLANG_ENABLE_OBJC_ARC = YES;
				CLANG_ENABLE_OBJC_WEAK = NO;
				CLANG_WARN_BLOCK_CAPTURE_AUTORELEASING = YES;
				CLANG_WARN_BOOL_CONVERSION = YES;
				CLANG_WARN_COMMA = YES;
				CLANG_WARN_CONSTANT_CONVERSION = YES;
				CLANG_WARN_DEPRECATED_OBJC_IMPLEMENTATIONS = YES;
				CLANG_WARN_DIRECT_OBJC_ISA_USAGE = YES_ERROR;
				CLANG_WARN_DOCUMENTATION_COMMENTS = YES;
				CLANG_WARN_EMPTY_BODY = YES;
				CLANG_WARN_ENUM_CONVERSION = YES;
				CLANG_WARN_INFINITE_RECURSION = YES;
				CLANG_WARN_INT_CONVERSION = YES;
				CLANG_WARN_NON_LITERAL_NULL_CONVERSION = YES;
				CLANG_WARN_OBJC_IMPLICIT_RETAIN_SELF = YES;
				CLANG_WARN_OBJC_LITERAL_CONVERSION = YES;
				CLANG_WARN_OBJC_ROOT_CLASS = YES_ERROR;
				CLANG_WARN_QUOTED_INCLUDE_IN_FRAMEWORK_HEADER = YES;
				CLANG_WARN_RANGE_LOOP_ANALYSIS = YES;
				CLANG_WARN_STRICT_PROTOTYPES = YES;
				CLANG_WARN_SUSPICIOUS_MOVE = YES;
				CLANG_WARN_UNGUARDED_AVAILABILITY = YES_AGGRESSIVE;
				CLANG_WARN_UNREACHABLE_CODE = YES;
				CLANG_WARN__DUPLICATE_METHOD_MATCH = YES;
				COPY_PHASE_STRIP = NO;
				DEBUG_INFORMATION_FORMAT = "dwarf-with-dsym";
				ENABLE_NS_ASSERTIONS = NO;
				ENABLE_STRICT_OBJC_MSGSEND = YES;
				GCC_C_LANGUAGE_STANDARD = gnu99;
				GCC_NO_COMMON_BLOCKS = YES;
				GCC_WARN_64_TO_32_BIT_CONVERSION = YES;
				GCC_WARN_ABOUT_RETURN_TYPE = YES_ERROR;
				GCC_WARN_UNDECLARED_SELECTOR = YES;
				GCC_WARN_UNINITIALIZED_AUTOS = YES_AGGRESSIVE;
				GCC_WARN_UNUSED_FUNCTION = YES;
				GCC_WARN_UNUSED_VARIABLE = YES;
				IPHONEOS_DEPLOYMENT_TARGET = 15.0;
				MTL_ENABLE_DEBUG_INFO = NO;
				MTL_FAST_MATH = YES;
				SDKROOT = iphoneos;
				VALIDATE_PRODUCT = YES;
			};
			name = Release;
		};
		13C9EEC829D1F20400F7FD72 /* Debug */ = {
			isa = XCBuildConfiguration;
			buildSettings = {
				ASSETCATALOG_COMPILER_APPICON_NAME = AppIcon;
				ASSETCATALOG_COMPILER_GLOBAL_ACCENT_COLOR_NAME = AccentColor;
				CODE_SIGN_STYLE = Automatic;
				CURRENT_PROJECT_VERSION = 1;
				DEBUG_INFORMATION_FORMAT = "dwarf-with-dsym";
				DEVELOPMENT_TEAM = BZ82DRDZY8;
				FRAMEWORK_SEARCH_PATHS = "$(PROJECT_DIR)";
				GCC_PREPROCESSOR_DEFINITIONS = (
					"$(inherited)",
					SK_DEBUG,
					SK_GANESH,
					SK_METAL,
				);
				GENERATE_INFOPLIST_FILE = YES;
				INFOPLIST_FILE = "skottie-ios/Info.plist";
				INFOPLIST_KEY_UIApplicationSupportsIndirectInputEvents = NO;
				INFOPLIST_KEY_UISupportedInterfaceOrientations_iPad = "UIInterfaceOrientationPortrait UIInterfaceOrientationPortraitUpsideDown UIInterfaceOrientationLandscapeLeft UIInterfaceOrientationLandscapeRight";
				INFOPLIST_KEY_UISupportedInterfaceOrientations_iPhone = "UIInterfaceOrientationPortrait UIInterfaceOrientationLandscapeLeft UIInterfaceOrientationLandscapeRight";
				LD_RUNPATH_SEARCH_PATHS = (
					"$(inherited)",
					"@executable_path/Frameworks",
				);
				LIBRARY_SEARCH_PATHS = (
					"$(inherited)",
					"$(PROJECT_DIR)",
					"$(PROJECT_DIR)/skia-libs/libs/**",
					"$(PROJECT_DIR)/skia-libs/libs",
				);
				MARKETING_VERSION = 1.0;
				OTHER_LDFLAGS = (
					"-ObjC",
					"-lc++",
					"-lskresources",
					"-lskshaper",
					"-lsksg",
					"-lskottie",
					"-lskia",
				);
				PRODUCT_BUNDLE_IDENTIFIER = "damirka.skottie-ios";
				PRODUCT_NAME = "$(TARGET_NAME)";
				SWIFT_EMIT_LOC_STRINGS = YES;
				SYSTEM_HEADER_SEARCH_PATHS = "$(PROJECT_DIR)/skia-libs/headers/**";
				TARGETED_DEVICE_FAMILY = 1;
				USER_HEADER_SEARCH_PATHS = "$(SRCROOT)/**";
			};
			name = Debug;
		};
		13C9EEC929D1F20400F7FD72 /* Release */ = {
			isa = XCBuildConfiguration;
			buildSettings = {
				ASSETCATALOG_COMPILER_APPICON_NAME = AppIcon;
				ASSETCATALOG_COMPILER_GLOBAL_ACCENT_COLOR_NAME = AccentColor;
				CODE_SIGN_STYLE = Automatic;
				CURRENT_PROJECT_VERSION = 1;
				DEVELOPMENT_TEAM = BZ82DRDZY8;
				FRAMEWORK_SEARCH_PATHS = "$(PROJECT_DIR)";
				GCC_PREPROCESSOR_DEFINITIONS = (
					SK_GANESH,
					SK_METAL,
				);
				GENERATE_INFOPLIST_FILE = YES;
				INFOPLIST_FILE = "skottie-ios/Info.plist";
				INFOPLIST_KEY_UIApplicationSupportsIndirectInputEvents = NO;
				INFOPLIST_KEY_UISupportedInterfaceOrientations_iPad = "UIInterfaceOrientationPortrait UIInterfaceOrientationPortraitUpsideDown UIInterfaceOrientationLandscapeLeft UIInterfaceOrientationLandscapeRight";
				INFOPLIST_KEY_UISupportedInterfaceOrientations_iPhone = "UIInterfaceOrientationPortrait UIInterfaceOrientationLandscapeLeft UIInterfaceOrientationLandscapeRight";
				LD_RUNPATH_SEARCH_PATHS = (
					"$(inherited)",
					"@executable_path/Frameworks",
				);
				LIBRARY_SEARCH_PATHS = (
					"$(inherited)",
					"$(PROJECT_DIR)",
					"$(PROJECT_DIR)/skia-libs/libs/**",
					"$(PROJECT_DIR)/skia-libs/libs",
				);
				MARKETING_VERSION = 1.0;
				OTHER_LDFLAGS = (
					"-ObjC",
					"-lc++",
					"-lskresources",
					"-lskshaper",
					"-lsksg",
					"-lskottie",
					"-lskia",
				);
				PRODUCT_BUNDLE_IDENTIFIER = "damirka.skottie-ios";
				PRODUCT_NAME = "$(TARGET_NAME)";
				SWIFT_EMIT_LOC_STRINGS = YES;
				SYSTEM_HEADER_SEARCH_PATHS = "$(PROJECT_DIR)/skia-libs/headers/**";
				TARGETED_DEVICE_FAMILY = 1;
				USER_HEADER_SEARCH_PATHS = "$(SRCROOT)/**";
			};
			name = Release;
		};
/* End XCBuildConfiguration section */

/* Begin XCConfigurationList section */
		13C9EEA929D1F20300F7FD72 /* Build configuration list for PBXProject "skottie-ios" */ = {
			isa = XCConfigurationList;
			buildConfigurations = (
				13C9EEC529D1F20400F7FD72 /* Debug */,
				13C9EEC629D1F20400F7FD72 /* Release */,
			);
			defaultConfigurationIsVisible = 0;
			defaultConfigurationName = Release;
		};
		13C9EEC729D1F20400F7FD72 /* Build configuration list for PBXNativeTarget "skottie-ios" */ = {
			isa = XCConfigurationList;
			buildConfigurations = (
				13C9EEC829D1F20400F7FD72 /* Debug */,
				13C9EEC929D1F20400F7FD72 /* Release */,
			);
			defaultConfigurationIsVisible = 0;
			defaultConfigurationName = Release;
		};
/* End XCConfigurationList section */
	};
	rootObject = 13C9EEA629D1F20300F7FD72 /* Project object */;
}
